
Microsoft Visual Studio Solution File, Format Version 12.00
# Visual Studio Version 16
VisualStudioVersion = 16.0.30225.117
MinimumVisualStudioVersion = 10.0.40219.1
Project("{FAE04EC0-301F-11D3-BF4B-00C04F79EFBC}") = "TaskDay1", "TaskDay1\TaskDay1.csproj", "{2DD126D6-D7FB-4705-BEC1-954C5FE3312C}"
EndProject
Global
	GlobalSection(SolutionConfigurationPlatforms) = preSolution
		Debug|Any CPU = Debug|Any CPU
		Release|Any CPU = Release|Any CPU
	EndGlobalSection
	GlobalSection(ProjectConfigurationPlatforms) = postSolution
		{2DD126D6-D7FB-4705-BEC1-954C5FE3312C}.Debug|Any CPU.ActiveCfg = Debug|Any CPU
		{2DD126D6-D7FB-4705-BEC1-954C5FE3312C}.Debug|Any CPU.Build.0 = Debug|Any CPU
		{2DD126D6-D7FB-4705-BEC1-954C5FE3312C}.Release|Any CPU.ActiveCfg = Release|Any CPU
		{2DD126D6-D7FB-4705-BEC1-954C5FE3312C}.Release|Any CPU.Build.0 = Release|Any CPU
	EndGlobalSection
	GlobalSection(SolutionProperties) = preSolution
		HideSolutionNode = FALSE
	EndGlobalSection
	GlobalSection(ExtensibilityGlobals) = postSolution
		SolutionGuid = {EA243FDA-050C-4FDB-B6A1-806A14FACB8E}
	EndGlobalSection
EndGlobal
